
Microsoft Visual Studio Solution File, Format Version 12.00
# Visual Studio Version 16
VisualStudioVersion = 16.0.31729.503
MinimumVisualStudioVersion = 10.0.40219.1
Project("{FAE04EC0-301F-11D3-BF4B-00C04F79EFBC}") = "Yemek_Takip", "Yemek_Takip\Yemek_Takip.csproj", "{D3E2EF2F-D82B-4F16-AA50-6E83E5050791}"
EndProject
Global
	GlobalSection(SolutionConfigurationPlatforms) = preSolution
		Debug|Any CPU = Debug|Any CPU
		Release|Any CPU = Release|Any CPU
	EndGlobalSection
	GlobalSection(ProjectConfigurationPlatforms) = postSolution
		{D3E2EF2F-D82B-4F16-AA50-6E83E5050791}.Debug|Any CPU.ActiveCfg = Debug|Any CPU
		{D3E2EF2F-D82B-4F16-AA50-6E83E5050791}.Debug|Any CPU.Build.0 = Debug|Any CPU
		{D3E2EF2F-D82B-4F16-AA50-6E83E5050791}.Release|Any CPU.ActiveCfg = Release|Any CPU
		{D3E2EF2F-D82B-4F16-AA50-6E83E5050791}.Release|Any CPU.Build.0 = Release|Any CPU
	EndGlobalSection
	GlobalSection(SolutionProperties) = preSolution
		HideSolutionNode = FALSE
	EndGlobalSection
	GlobalSection(ExtensibilityGlobals) = postSolution
		SolutionGuid = {32B7B158-687C-41FD-A7C5-1CEDFFB9E08B}
	EndGlobalSection
EndGlobal
